// !$*UTF8*$!
{
	archiveVersion = 1;
	classes = {
	};
	objectVersion = 55;
	objects = {

/* Begin PBXBuildFile section */
		04EE708809AEFB01F50DD54E /* Pods_FamousFilmsUsingMVVM.framework in Frameworks */ = {isa = PBXBuildFile; fileRef = FB442B388AA9E9B8CF9D2E37 /* Pods_FamousFilmsUsingMVVM.framework */; };
		DC6B245F29D3363C002E9629 /* CrewAndCastCollViewCell.swift in Sources */ = {isa = PBXBuildFile; fileRef = DC6B245D29D3363C002E9629 /* CrewAndCastCollViewCell.swift */; };
		DC6B246029D3363C002E9629 /* CrewAndCastCollViewCell.xib in Resources */ = {isa = PBXBuildFile; fileRef = DC6B245E29D3363C002E9629 /* CrewAndCastCollViewCell.xib */; };
		DC6B246229D35974002E9629 /* StringsForApp.swift in Sources */ = {isa = PBXBuildFile; fileRef = DC6B246129D35974002E9629 /* StringsForApp.swift */; };
		DC8B7D2B29BA0694005D848E /* CollectionViewModel.swift in Sources */ = {isa = PBXBuildFile; fileRef = DC8B7D2A29BA0694005D848E /* CollectionViewModel.swift */; };
		DCC4E8E729D16D130047153E /* Window+Extension.swift in Sources */ = {isa = PBXBuildFile; fileRef = DCC4E8E629D16D130047153E /* Window+Extension.swift */; };
		DCC4E8E929D178C00047153E /* MovieDetailsModel.swift in Sources */ = {isa = PBXBuildFile; fileRef = DCC4E8E829D178C00047153E /* MovieDetailsModel.swift */; };
		DCC6D9F729C22CFB009DD068 /* MainMovieHeaderView.swift in Sources */ = {isa = PBXBuildFile; fileRef = DCC6D9F629C22CFB009DD068 /* MainMovieHeaderView.swift */; };
		DCC6D9F929C22D0C009DD068 /* MainMovieHeaderView.xib in Resources */ = {isa = PBXBuildFile; fileRef = DCC6D9F829C22D0C009DD068 /* MainMovieHeaderView.xib */; };
		DCC6D9FB29C2EC15009DD068 /* String+Extension.swift in Sources */ = {isa = PBXBuildFile; fileRef = DCC6D9FA29C2EC15009DD068 /* String+Extension.swift */; };
		DCC6D9FD29C2EC2D009DD068 /* Date+Extension.swift in Sources */ = {isa = PBXBuildFile; fileRef = DCC6D9FC29C2EC2D009DD068 /* Date+Extension.swift */; };
		DCC6D9FF29C2EC5A009DD068 /* Enums.swift in Sources */ = {isa = PBXBuildFile; fileRef = DCC6D9FE29C2EC5A009DD068 /* Enums.swift */; };
		DCC6DA0429C2F5EE009DD068 /* CircularProgressBarView.swift in Sources */ = {isa = PBXBuildFile; fileRef = DCC6DA0329C2F5EE009DD068 /* CircularProgressBarView.swift */; };
		DCC6DA0629C35B28009DD068 /* PopularShowsOnTVModel.swift in Sources */ = {isa = PBXBuildFile; fileRef = DCC6DA0529C35B28009DD068 /* PopularShowsOnTVModel.swift */; };
		DCC6DA1029C4E045009DD068 /* MainMovieHeaderViewModel.swift in Sources */ = {isa = PBXBuildFile; fileRef = DCC6DA0F29C4E045009DD068 /* MainMovieHeaderViewModel.swift */; };
		DCC6DA1229C4E06A009DD068 /* Protocols.swift in Sources */ = {isa = PBXBuildFile; fileRef = DCC6DA1129C4E06A009DD068 /* Protocols.swift */; };
		DCC6DA1429C4E329009DD068 /* TrendingMovieDayModel.swift in Sources */ = {isa = PBXBuildFile; fileRef = DCC6DA1329C4E329009DD068 /* TrendingMovieDayModel.swift */; };
		DCF2588B29B720A200603658 /* AppDelegate.swift in Sources */ = {isa = PBXBuildFile; fileRef = DCF2588A29B720A200603658 /* AppDelegate.swift */; };
		DCF2589429B720A400603658 /* Assets.xcassets in Resources */ = {isa = PBXBuildFile; fileRef = DCF2589329B720A400603658 /* Assets.xcassets */; };
		DCF2589729B720A400603658 /* LaunchScreen.storyboard in Resources */ = {isa = PBXBuildFile; fileRef = DCF2589529B720A400603658 /* LaunchScreen.storyboard */; };
		DCF258A929B721EF00603658 /* MainViewController.swift in Sources */ = {isa = PBXBuildFile; fileRef = DCF258A729B721EF00603658 /* MainViewController.swift */; };
		DCF258AA29B721EF00603658 /* MainViewController.xib in Resources */ = {isa = PBXBuildFile; fileRef = DCF258A829B721EF00603658 /* MainViewController.xib */; };
		DCF258AC29B729E400603658 /* MainViewModel.swift in Sources */ = {isa = PBXBuildFile; fileRef = DCF258AB29B729E400603658 /* MainViewModel.swift */; };
		DCF258AE29B72A1000603658 /* MainViewController+TableView.swift in Sources */ = {isa = PBXBuildFile; fileRef = DCF258AD29B72A1000603658 /* MainViewController+TableView.swift */; };
		DCF258B029B738CE00603658 /* NetworkConstant.swift in Sources */ = {isa = PBXBuildFile; fileRef = DCF258AF29B738CE00603658 /* NetworkConstant.swift */; };
		DCF258B229B73B3C00603658 /* TrendingMoviesModel.swift in Sources */ = {isa = PBXBuildFile; fileRef = DCF258B129B73B3C00603658 /* TrendingMoviesModel.swift */; };
		DCF258B429B73CC200603658 /* APIServices.swift in Sources */ = {isa = PBXBuildFile; fileRef = DCF258B329B73CC200603658 /* APIServices.swift */; };
		DCF258B729B74F1E00603658 /* Observable.swift in Sources */ = {isa = PBXBuildFile; fileRef = DCF258B629B74F1E00603658 /* Observable.swift */; };
		DCF258C229B7BFF000603658 /* UIView+Extension.swift in Sources */ = {isa = PBXBuildFile; fileRef = DCF258C129B7BFF000603658 /* UIView+Extension.swift */; };
		DCF258C729B7CF1700603658 /* SDWebImage in Frameworks */ = {isa = PBXBuildFile; productRef = DCF258C629B7CF1700603658 /* SDWebImage */; };
		DCF258CB29B85E2400603658 /* DetailsMovieViewController.swift in Sources */ = {isa = PBXBuildFile; fileRef = DCF258C929B85E2400603658 /* DetailsMovieViewController.swift */; };
		DCF258CC29B85E2400603658 /* DetailsMovieViewController.xib in Resources */ = {isa = PBXBuildFile; fileRef = DCF258CA29B85E2400603658 /* DetailsMovieViewController.xib */; };
		DCF258CE29B8605200603658 /* DetailsMovieViewModel.swift in Sources */ = {isa = PBXBuildFile; fileRef = DCF258CD29B8605200603658 /* DetailsMovieViewModel.swift */; };
		DCF258D229B8986C00603658 /* MainMovieCollectionCell.swift in Sources */ = {isa = PBXBuildFile; fileRef = DCF258D029B8986C00603658 /* MainMovieCollectionCell.swift */; };
		DCF258D329B8986C00603658 /* MainMovieCollectionCell.xib in Resources */ = {isa = PBXBuildFile; fileRef = DCF258D129B8986C00603658 /* MainMovieCollectionCell.xib */; };
		DCF258D629B8A85D00603658 /* HomeMovieCellViewModel.swift in Sources */ = {isa = PBXBuildFile; fileRef = DCF258D529B8A85D00603658 /* HomeMovieCellViewModel.swift */; };
		DCF258DA29B8AC4700603658 /* HorizontalCollectionTableViewCell.swift in Sources */ = {isa = PBXBuildFile; fileRef = DCF258D829B8AC4700603658 /* HorizontalCollectionTableViewCell.swift */; };
		DCF258DB29B8AC4700603658 /* HorizontalCollectionTableViewCell.xib in Resources */ = {isa = PBXBuildFile; fileRef = DCF258D929B8AC4700603658 /* HorizontalCollectionTableViewCell.xib */; };
		DCF258DD29B9148F00603658 /* PopularMoviesModel.swift in Sources */ = {isa = PBXBuildFile; fileRef = DCF258DC29B9148F00603658 /* PopularMoviesModel.swift */; };
/* End PBXBuildFile section */

/* Begin PBXFileReference section */
		3ECA69E86C345F3FC1529ED2 /* Pods-FamousFilmsUsingMVVM.release.xcconfig */ = {isa = PBXFileReference; includeInIndex = 1; lastKnownFileType = text.xcconfig; name = "Pods-FamousFilmsUsingMVVM.release.xcconfig"; path = "Target Support Files/Pods-FamousFilmsUsingMVVM/Pods-FamousFilmsUsingMVVM.release.xcconfig"; sourceTree = "<group>"; };
		DC6B245D29D3363C002E9629 /* CrewAndCastCollViewCell.swift */ = {isa = PBXFileReference; lastKnownFileType = sourcecode.swift; path = CrewAndCastCollViewCell.swift; sourceTree = "<group>"; };
		DC6B245E29D3363C002E9629 /* CrewAndCastCollViewCell.xib */ = {isa = PBXFileReference; lastKnownFileType = file.xib; path = CrewAndCastCollViewCell.xib; sourceTree = "<group>"; };
		DC6B246129D35974002E9629 /* StringsForApp.swift */ = {isa = PBXFileReference; lastKnownFileType = sourcecode.swift; path = StringsForApp.swift; sourceTree = "<group>"; };
		DC8B7D2A29BA0694005D848E /* CollectionViewModel.swift */ = {isa = PBXFileReference; lastKnownFileType = sourcecode.swift; path = CollectionViewModel.swift; sourceTree = "<group>"; };
		DCC4E8E629D16D130047153E /* Window+Extension.swift */ = {isa = PBXFileReference; lastKnownFileType = sourcecode.swift; path = "Window+Extension.swift"; sourceTree = "<group>"; };
		DCC4E8E829D178C00047153E /* MovieDetailsModel.swift */ = {isa = PBXFileReference; lastKnownFileType = sourcecode.swift; path = MovieDetailsModel.swift; sourceTree = "<group>"; };
		DCC6D9F629C22CFB009DD068 /* MainMovieHeaderView.swift */ = {isa = PBXFileReference; lastKnownFileType = sourcecode.swift; path = MainMovieHeaderView.swift; sourceTree = "<group>"; };
		DCC6D9F829C22D0C009DD068 /* MainMovieHeaderView.xib */ = {isa = PBXFileReference; lastKnownFileType = file.xib; path = MainMovieHeaderView.xib; sourceTree = "<group>"; };
		DCC6D9FA29C2EC15009DD068 /* String+Extension.swift */ = {isa = PBXFileReference; lastKnownFileType = sourcecode.swift; path = "String+Extension.swift"; sourceTree = "<group>"; };
		DCC6D9FC29C2EC2D009DD068 /* Date+Extension.swift */ = {isa = PBXFileReference; lastKnownFileType = sourcecode.swift; path = "Date+Extension.swift"; sourceTree = "<group>"; };
		DCC6D9FE29C2EC5A009DD068 /* Enums.swift */ = {isa = PBXFileReference; lastKnownFileType = sourcecode.swift; path = Enums.swift; sourceTree = "<group>"; };
		DCC6DA0329C2F5EE009DD068 /* CircularProgressBarView.swift */ = {isa = PBXFileReference; lastKnownFileType = sourcecode.swift; path = CircularProgressBarView.swift; sourceTree = "<group>"; };
		DCC6DA0529C35B28009DD068 /* PopularShowsOnTVModel.swift */ = {isa = PBXFileReference; lastKnownFileType = sourcecode.swift; path = PopularShowsOnTVModel.swift; sourceTree = "<group>"; };
		DCC6DA0F29C4E045009DD068 /* MainMovieHeaderViewModel.swift */ = {isa = PBXFileReference; lastKnownFileType = sourcecode.swift; path = MainMovieHeaderViewModel.swift; sourceTree = "<group>"; };
		DCC6DA1129C4E06A009DD068 /* Protocols.swift */ = {isa = PBXFileReference; lastKnownFileType = sourcecode.swift; path = Protocols.swift; sourceTree = "<group>"; };
		DCC6DA1329C4E329009DD068 /* TrendingMovieDayModel.swift */ = {isa = PBXFileReference; lastKnownFileType = sourcecode.swift; path = TrendingMovieDayModel.swift; sourceTree = "<group>"; };
		DCF2588729B720A200603658 /* FamousFilmsUsingMVVM.app */ = {isa = PBXFileReference; explicitFileType = wrapper.application; includeInIndex = 0; path = FamousFilmsUsingMVVM.app; sourceTree = BUILT_PRODUCTS_DIR; };
		DCF2588A29B720A200603658 /* AppDelegate.swift */ = {isa = PBXFileReference; lastKnownFileType = sourcecode.swift; path = AppDelegate.swift; sourceTree = "<group>"; };
		DCF2589329B720A400603658 /* Assets.xcassets */ = {isa = PBXFileReference; lastKnownFileType = folder.assetcatalog; path = Assets.xcassets; sourceTree = "<group>"; };
		DCF2589629B720A400603658 /* Base */ = {isa = PBXFileReference; lastKnownFileType = file.storyboard; name = Base; path = Base.lproj/LaunchScreen.storyboard; sourceTree = "<group>"; };
		DCF2589829B720A400603658 /* Info.plist */ = {isa = PBXFileReference; lastKnownFileType = text.plist.xml; path = Info.plist; sourceTree = "<group>"; };
		DCF258A729B721EF00603658 /* MainViewController.swift */ = {isa = PBXFileReference; lastKnownFileType = sourcecode.swift; path = MainViewController.swift; sourceTree = "<group>"; };
		DCF258A829B721EF00603658 /* MainViewController.xib */ = {isa = PBXFileReference; lastKnownFileType = file.xib; path = MainViewController.xib; sourceTree = "<group>"; };
		DCF258AB29B729E400603658 /* MainViewModel.swift */ = {isa = PBXFileReference; lastKnownFileType = sourcecode.swift; path = MainViewModel.swift; sourceTree = "<group>"; };
		DCF258AD29B72A1000603658 /* MainViewController+TableView.swift */ = {isa = PBXFileReference; lastKnownFileType = sourcecode.swift; path = "MainViewController+TableView.swift"; sourceTree = "<group>"; };
		DCF258AF29B738CE00603658 /* NetworkConstant.swift */ = {isa = PBXFileReference; lastKnownFileType = sourcecode.swift; path = NetworkConstant.swift; sourceTree = "<group>"; };
		DCF258B129B73B3C00603658 /* TrendingMoviesModel.swift */ = {isa = PBXFileReference; lastKnownFileType = sourcecode.swift; path = TrendingMoviesModel.swift; sourceTree = "<group>"; };
		DCF258B329B73CC200603658 /* APIServices.swift */ = {isa = PBXFileReference; lastKnownFileType = sourcecode.swift; path = APIServices.swift; sourceTree = "<group>"; };
		DCF258B629B74F1E00603658 /* Observable.swift */ = {isa = PBXFileReference; lastKnownFileType = sourcecode.swift; path = Observable.swift; sourceTree = "<group>"; };
		DCF258C129B7BFF000603658 /* UIView+Extension.swift */ = {isa = PBXFileReference; lastKnownFileType = sourcecode.swift; path = "UIView+Extension.swift"; sourceTree = "<group>"; };
		DCF258C929B85E2400603658 /* DetailsMovieViewController.swift */ = {isa = PBXFileReference; lastKnownFileType = sourcecode.swift; path = DetailsMovieViewController.swift; sourceTree = "<group>"; };
		DCF258CA29B85E2400603658 /* DetailsMovieViewController.xib */ = {isa = PBXFileReference; lastKnownFileType = file.xib; path = DetailsMovieViewController.xib; sourceTree = "<group>"; };
		DCF258CD29B8605200603658 /* DetailsMovieViewModel.swift */ = {isa = PBXFileReference; lastKnownFileType = sourcecode.swift; path = DetailsMovieViewModel.swift; sourceTree = "<group>"; };
		DCF258D029B8986C00603658 /* MainMovieCollectionCell.swift */ = {isa = PBXFileReference; lastKnownFileType = sourcecode.swift; path = MainMovieCollectionCell.swift; sourceTree = "<group>"; };
		DCF258D129B8986C00603658 /* MainMovieCollectionCell.xib */ = {isa = PBXFileReference; lastKnownFileType = file.xib; path = MainMovieCollectionCell.xib; sourceTree = "<group>"; };
		DCF258D529B8A85D00603658 /* HomeMovieCellViewModel.swift */ = {isa = PBXFileReference; lastKnownFileType = sourcecode.swift; path = HomeMovieCellViewModel.swift; sourceTree = "<group>"; };
		DCF258D829B8AC4700603658 /* HorizontalCollectionTableViewCell.swift */ = {isa = PBXFileReference; lastKnownFileType = sourcecode.swift; path = HorizontalCollectionTableViewCell.swift; sourceTree = "<group>"; };
		DCF258D929B8AC4700603658 /* HorizontalCollectionTableViewCell.xib */ = {isa = PBXFileReference; lastKnownFileType = file.xib; path = HorizontalCollectionTableViewCell.xib; sourceTree = "<group>"; };
		DCF258DC29B9148F00603658 /* PopularMoviesModel.swift */ = {isa = PBXFileReference; lastKnownFileType = sourcecode.swift; path = PopularMoviesModel.swift; sourceTree = "<group>"; };
		DFB45A2161540F97B022A430 /* Pods-FamousFilmsUsingMVVM.debug.xcconfig */ = {isa = PBXFileReference; includeInIndex = 1; lastKnownFileType = text.xcconfig; name = "Pods-FamousFilmsUsingMVVM.debug.xcconfig"; path = "Target Support Files/Pods-FamousFilmsUsingMVVM/Pods-FamousFilmsUsingMVVM.debug.xcconfig"; sourceTree = "<group>"; };
		FB442B388AA9E9B8CF9D2E37 /* Pods_FamousFilmsUsingMVVM.framework */ = {isa = PBXFileReference; explicitFileType = wrapper.framework; includeInIndex = 0; path = Pods_FamousFilmsUsingMVVM.framework; sourceTree = BUILT_PRODUCTS_DIR; };
/* End PBXFileReference section */

/* Begin PBXFrameworksBuildPhase section */
		DCF2588429B720A200603658 /* Frameworks */ = {
			isa = PBXFrameworksBuildPhase;
			buildActionMask = 2147483647;
			files = (
				DCF258C729B7CF1700603658 /* SDWebImage in Frameworks */,
				04EE708809AEFB01F50DD54E /* Pods_FamousFilmsUsingMVVM.framework in Frameworks */,
			);
			runOnlyForDeploymentPostprocessing = 0;
		};
/* End PBXFrameworksBuildPhase section */

/* Begin PBXGroup section */
		35C69EB629CA839966D66D4C /* Frameworks */ = {
			isa = PBXGroup;
			children = (
				FB442B388AA9E9B8CF9D2E37 /* Pods_FamousFilmsUsingMVVM.framework */,
			);
			name = Frameworks;
			sourceTree = "<group>";
		};
		5EC23EDF23E0A31731EB2B4F /* Pods */ = {
			isa = PBXGroup;
			children = (
				DFB45A2161540F97B022A430 /* Pods-FamousFilmsUsingMVVM.debug.xcconfig */,
				3ECA69E86C345F3FC1529ED2 /* Pods-FamousFilmsUsingMVVM.release.xcconfig */,
			);
			path = Pods;
			sourceTree = "<group>";
		};
		DC6B245C29D3360F002E9629 /* CrewAndCastCollCell */ = {
			isa = PBXGroup;
			children = (
				DC6B245D29D3363C002E9629 /* CrewAndCastCollViewCell.swift */,
				DC6B245E29D3363C002E9629 /* CrewAndCastCollViewCell.xib */,
			);
			path = CrewAndCastCollCell;
			sourceTree = "<group>";
		};
		DCC6D9F529C1FA1B009DD068 /* TableViewCellHeader */ = {
			isa = PBXGroup;
			children = (
				DCC6D9F629C22CFB009DD068 /* MainMovieHeaderView.swift */,
				DCC6D9F829C22D0C009DD068 /* MainMovieHeaderView.xib */,
			);
			path = TableViewCellHeader;
			sourceTree = "<group>";
		};
		DCF2587E29B720A200603658 = {
			isa = PBXGroup;
			children = (
				DCF2588929B720A200603658 /* FamousFilmsUsingMVVM */,
				DCF2588829B720A200603658 /* Products */,
				5EC23EDF23E0A31731EB2B4F /* Pods */,
				35C69EB629CA839966D66D4C /* Frameworks */,
			);
			sourceTree = "<group>";
		};
		DCF2588829B720A200603658 /* Products */ = {
			isa = PBXGroup;
			children = (
				DCF2588729B720A200603658 /* FamousFilmsUsingMVVM.app */,
			);
			name = Products;
			sourceTree = "<group>";
		};
		DCF2588929B720A200603658 /* FamousFilmsUsingMVVM */ = {
			isa = PBXGroup;
			children = (
				DCF258B529B74EDE00603658 /* Classes */,
				DCF258A529B721BD00603658 /* View */,
				DCF258A429B7219F00603658 /* Networking */,
				DCF258A329B7210E00603658 /* Resources */,
				DCF258A229B7210700603658 /* ViewModels */,
				DCF258A129B720FA00603658 /* ViewControllers */,
				DCF258A029B720F200603658 /* Controllers */,
				DCF2589F29B720EA00603658 /* Models */,
				DCF2589E29B720E300603658 /* Extensions */,
				DCF2588A29B720A200603658 /* AppDelegate.swift */,
				DCF2589829B720A400603658 /* Info.plist */,
			);
			path = FamousFilmsUsingMVVM;
			sourceTree = "<group>";
		};
		DCF2589E29B720E300603658 /* Extensions */ = {
			isa = PBXGroup;
			children = (
				DCF258C129B7BFF000603658 /* UIView+Extension.swift */,
				DCC6D9FA29C2EC15009DD068 /* String+Extension.swift */,
				DCC6D9FC29C2EC2D009DD068 /* Date+Extension.swift */,
				DCC4E8E629D16D130047153E /* Window+Extension.swift */,
			);
			path = Extensions;
			sourceTree = "<group>";
		};
		DCF2589F29B720EA00603658 /* Models */ = {
			isa = PBXGroup;
			children = (
				DCF258B129B73B3C00603658 /* TrendingMoviesModel.swift */,
				DCC6DA1329C4E329009DD068 /* TrendingMovieDayModel.swift */,
				DCF258DC29B9148F00603658 /* PopularMoviesModel.swift */,
				DCC6DA0529C35B28009DD068 /* PopularShowsOnTVModel.swift */,
				DCC4E8E829D178C00047153E /* MovieDetailsModel.swift */,
			);
			path = Models;
			sourceTree = "<group>";
		};
		DCF258A029B720F200603658 /* Controllers */ = {
			isa = PBXGroup;
			children = (
				DCF258C829B85E0100603658 /* DetailsMovieViewController */,
				DCF258A629B721D400603658 /* MainViewController */,
			);
			path = Controllers;
			sourceTree = "<group>";
		};
		DCF258A129B720FA00603658 /* ViewControllers */ = {
			isa = PBXGroup;
			children = (
			);
			name = ViewControllers;
			sourceTree = "<group>";
		};
		DCF258A229B7210700603658 /* ViewModels */ = {
			isa = PBXGroup;
			children = (
				DCF258D529B8A85D00603658 /* HomeMovieCellViewModel.swift */,
				DCF258AB29B729E400603658 /* MainViewModel.swift */,
				DC8B7D2A29BA0694005D848E /* CollectionViewModel.swift */,
				DCF258CD29B8605200603658 /* DetailsMovieViewModel.swift */,
				DCC6DA0F29C4E045009DD068 /* MainMovieHeaderViewModel.swift */,
			);
			path = ViewModels;
			sourceTree = "<group>";
		};
		DCF258A329B7210E00603658 /* Resources */ = {
			isa = PBXGroup;
			children = (
				DCF2589329B720A400603658 /* Assets.xcassets */,
				DCC6DA1129C4E06A009DD068 /* Protocols.swift */,
				DCC6D9FE29C2EC5A009DD068 /* Enums.swift */,
				DCC6DA0329C2F5EE009DD068 /* CircularProgressBarView.swift */,
			);
			path = Resources;
			sourceTree = "<group>";
		};
		DCF258A429B7219F00603658 /* Networking */ = {
			isa = PBXGroup;
			children = (
				DCF258AF29B738CE00603658 /* NetworkConstant.swift */,
				DCF258B329B73CC200603658 /* APIServices.swift */,
			);
			path = Networking;
			sourceTree = "<group>";
		};
		DCF258A529B721BD00603658 /* View */ = {
			isa = PBXGroup;
			children = (
				DC6B245C29D3360F002E9629 /* CrewAndCastCollCell */,
				DCC6D9F529C1FA1B009DD068 /* TableViewCellHeader */,
				DCF258D729B8AC0E00603658 /* HorizontalCollectionTableViewCell */,
				DCF258CF29B8980900603658 /* MainMovieCollectionCell */,
				DCF2589529B720A400603658 /* LaunchScreen.storyboard */,
			);
			path = View;
			sourceTree = "<group>";
		};
		DCF258A629B721D400603658 /* MainViewController */ = {
			isa = PBXGroup;
			children = (
				DCF258AD29B72A1000603658 /* MainViewController+TableView.swift */,
				DCF258A729B721EF00603658 /* MainViewController.swift */,
				DCF258A829B721EF00603658 /* MainViewController.xib */,
			);
			path = MainViewController;
			sourceTree = "<group>";
		};
		DCF258B529B74EDE00603658 /* Classes */ = {
			isa = PBXGroup;
			children = (
				DCF258B629B74F1E00603658 /* Observable.swift */,
				DC6B246129D35974002E9629 /* StringsForApp.swift */,
			);
			path = Classes;
			sourceTree = "<group>";
		};
		DCF258C829B85E0100603658 /* DetailsMovieViewController */ = {
			isa = PBXGroup;
			children = (
				DCF258C929B85E2400603658 /* DetailsMovieViewController.swift */,
				DCF258CA29B85E2400603658 /* DetailsMovieViewController.xib */,
			);
			path = DetailsMovieViewController;
			sourceTree = "<group>";
		};
		DCF258CF29B8980900603658 /* MainMovieCollectionCell */ = {
			isa = PBXGroup;
			children = (
				DCF258D029B8986C00603658 /* MainMovieCollectionCell.swift */,
				DCF258D129B8986C00603658 /* MainMovieCollectionCell.xib */,
			);
			path = MainMovieCollectionCell;
			sourceTree = "<group>";
		};
		DCF258D729B8AC0E00603658 /* HorizontalCollectionTableViewCell */ = {
			isa = PBXGroup;
			children = (
				DCF258D829B8AC4700603658 /* HorizontalCollectionTableViewCell.swift */,
				DCF258D929B8AC4700603658 /* HorizontalCollectionTableViewCell.xib */,
			);
			path = HorizontalCollectionTableViewCell;
			sourceTree = "<group>";
		};
/* End PBXGroup section */

/* Begin PBXNativeTarget section */
		DCF2588629B720A200603658 /* FamousFilmsUsingMVVM */ = {
			isa = PBXNativeTarget;
			buildConfigurationList = DCF2589B29B720A400603658 /* Build configuration list for PBXNativeTarget "FamousFilmsUsingMVVM" */;
			buildPhases = (
				FF9C6809C62E011E3868A355 /* [CP] Check Pods Manifest.lock */,
				DCF2588329B720A200603658 /* Sources */,
				DCF2588429B720A200603658 /* Frameworks */,
				DCF2588529B720A200603658 /* Resources */,
				2ADF70D7D406037FB8481D90 /* [CP] Embed Pods Frameworks */,
			);
			buildRules = (
			);
			dependencies = (
			);
			name = FamousFilmsUsingMVVM;
			packageProductDependencies = (
				DCF258C629B7CF1700603658 /* SDWebImage */,
			);
			productName = FamousFilmsUsingMVVM;
			productReference = DCF2588729B720A200603658 /* FamousFilmsUsingMVVM.app */;
			productType = "com.apple.product-type.application";
		};
/* End PBXNativeTarget section */

/* Begin PBXProject section */
		DCF2587F29B720A200603658 /* Project object */ = {
			isa = PBXProject;
			attributes = {
				BuildIndependentTargetsInParallel = 1;
				LastSwiftUpdateCheck = 1330;
				LastUpgradeCheck = 1330;
				TargetAttributes = {
					DCF2588629B720A200603658 = {
						CreatedOnToolsVersion = 13.3;
					};
				};
			};
			buildConfigurationList = DCF2588229B720A200603658 /* Build configuration list for PBXProject "FamousFilmsUsingMVVM" */;
			compatibilityVersion = "Xcode 13.0";
			developmentRegion = en;
			hasScannedForEncodings = 0;
			knownRegions = (
				en,
				Base,
			);
			mainGroup = DCF2587E29B720A200603658;
			packageReferences = (
				DCF258C529B7CF1700603658 /* XCRemoteSwiftPackageReference "SDWebImage" */,
			);
			productRefGroup = DCF2588829B720A200603658 /* Products */;
			projectDirPath = "";
			projectRoot = "";
			targets = (
				DCF2588629B720A200603658 /* FamousFilmsUsingMVVM */,
			);
		};
/* End PBXProject section */

/* Begin PBXResourcesBuildPhase section */
		DCF2588529B720A200603658 /* Resources */ = {
			isa = PBXResourcesBuildPhase;
			buildActionMask = 2147483647;
			files = (
				DC6B246029D3363C002E9629 /* CrewAndCastCollViewCell.xib in Resources */,
				DCF2589729B720A400603658 /* LaunchScreen.storyboard in Resources */,
				DCF2589429B720A400603658 /* Assets.xcassets in Resources */,
				DCC6D9F929C22D0C009DD068 /* MainMovieHeaderView.xib in Resources */,
				DCF258AA29B721EF00603658 /* MainViewController.xib in Resources */,
				DCF258DB29B8AC4700603658 /* HorizontalCollectionTableViewCell.xib in Resources */,
				DCF258CC29B85E2400603658 /* DetailsMovieViewController.xib in Resources */,
				DCF258D329B8986C00603658 /* MainMovieCollectionCell.xib in Resources */,
			);
			runOnlyForDeploymentPostprocessing = 0;
		};
/* End PBXResourcesBuildPhase section */

/* Begin PBXShellScriptBuildPhase section */
		2ADF70D7D406037FB8481D90 /* [CP] Embed Pods Frameworks */ = {
			isa = PBXShellScriptBuildPhase;
			buildActionMask = 2147483647;
			files = (
			);
			inputFileListPaths = (
				"${PODS_ROOT}/Target Support Files/Pods-FamousFilmsUsingMVVM/Pods-FamousFilmsUsingMVVM-frameworks-${CONFIGURATION}-input-files.xcfilelist",
			);
			name = "[CP] Embed Pods Frameworks";
			outputFileListPaths = (
				"${PODS_ROOT}/Target Support Files/Pods-FamousFilmsUsingMVVM/Pods-FamousFilmsUsingMVVM-frameworks-${CONFIGURATION}-output-files.xcfilelist",
			);
			runOnlyForDeploymentPostprocessing = 0;
			shellPath = /bin/sh;
			shellScript = "\"${PODS_ROOT}/Target Support Files/Pods-FamousFilmsUsingMVVM/Pods-FamousFilmsUsingMVVM-frameworks.sh\"\n";
			showEnvVarsInLog = 0;
		};
		FF9C6809C62E011E3868A355 /* [CP] Check Pods Manifest.lock */ = {
			isa = PBXShellScriptBuildPhase;
			buildActionMask = 2147483647;
			files = (
			);
			inputFileListPaths = (
			);
			inputPaths = (
				"${PODS_PODFILE_DIR_PATH}/Podfile.lock",
				"${PODS_ROOT}/Manifest.lock",
			);
			name = "[CP] Check Pods Manifest.lock";
			outputFileListPaths = (
			);
			outputPaths = (
				"$(DERIVED_FILE_DIR)/Pods-FamousFilmsUsingMVVM-checkManifestLockResult.txt",
			);
			runOnlyForDeploymentPostprocessing = 0;
			shellPath = /bin/sh;
			shellScript = "diff \"${PODS_PODFILE_DIR_PATH}/Podfile.lock\" \"${PODS_ROOT}/Manifest.lock\" > /dev/null\nif [ $? != 0 ] ; then\n    # print error to STDERR\n    echo \"error: The sandbox is not in sync with the Podfile.lock. Run 'pod install' or update your CocoaPods installation.\" >&2\n    exit 1\nfi\n# This output is used by Xcode 'outputs' to avoid re-running this script phase.\necho \"SUCCESS\" > \"${SCRIPT_OUTPUT_FILE_0}\"\n";
			showEnvVarsInLog = 0;
		};
/* End PBXShellScriptBuildPhase section */

/* Begin PBXSourcesBuildPhase section */
		DCF2588329B720A200603658 /* Sources */ = {
			isa = PBXSourcesBuildPhase;
			buildActionMask = 2147483647;
			files = (
				DCF258B729B74F1E00603658 /* Observable.swift in Sources */,
				DCF258A929B721EF00603658 /* MainViewController.swift in Sources */,
				DCC6D9FF29C2EC5A009DD068 /* Enums.swift in Sources */,
				DCC6D9F729C22CFB009DD068 /* MainMovieHeaderView.swift in Sources */,
				DCF258D229B8986C00603658 /* MainMovieCollectionCell.swift in Sources */,
				DCF258DD29B9148F00603658 /* PopularMoviesModel.swift in Sources */,
				DCF2588B29B720A200603658 /* AppDelegate.swift in Sources */,
				DCC6DA0429C2F5EE009DD068 /* CircularProgressBarView.swift in Sources */,
				DCF258CB29B85E2400603658 /* DetailsMovieViewController.swift in Sources */,
				DCC6DA1429C4E329009DD068 /* TrendingMovieDayModel.swift in Sources */,
				DCC6DA0629C35B28009DD068 /* PopularShowsOnTVModel.swift in Sources */,
				DCF258AC29B729E400603658 /* MainViewModel.swift in Sources */,
				DCF258B029B738CE00603658 /* NetworkConstant.swift in Sources */,
				DCF258AE29B72A1000603658 /* MainViewController+TableView.swift in Sources */,
				DCC6DA1029C4E045009DD068 /* MainMovieHeaderViewModel.swift in Sources */,
				DCC4E8E929D178C00047153E /* MovieDetailsModel.swift in Sources */,
				DC6B245F29D3363C002E9629 /* CrewAndCastCollViewCell.swift in Sources */,
				DCC6D9FB29C2EC15009DD068 /* String+Extension.swift in Sources */,
				DCC6DA1229C4E06A009DD068 /* Protocols.swift in Sources */,
				DC6B246229D35974002E9629 /* StringsForApp.swift in Sources */,
				DCC4E8E729D16D130047153E /* Window+Extension.swift in Sources */,
				DCF258B429B73CC200603658 /* APIServices.swift in Sources */,
				DCF258D629B8A85D00603658 /* HomeMovieCellViewModel.swift in Sources */,
				DCF258CE29B8605200603658 /* DetailsMovieViewModel.swift in Sources */,
				DC8B7D2B29BA0694005D848E /* CollectionViewModel.swift in Sources */,
				DCF258C229B7BFF000603658 /* UIView+Extension.swift in Sources */,
				DCF258B229B73B3C00603658 /* TrendingMoviesModel.swift in Sources */,
				DCC6D9FD29C2EC2D009DD068 /* Date+Extension.swift in Sources */,
				DCF258DA29B8AC4700603658 /* HorizontalCollectionTableViewCell.swift in Sources */,
			);
			runOnlyForDeploymentPostprocessing = 0;
		};
/* End PBXSourcesBuildPhase section */

/* Begin PBXVariantGroup section */
		DCF2589529B720A400603658 /* LaunchScreen.storyboard */ = {
			isa = PBXVariantGroup;
			children = (
				DCF2589629B720A400603658 /* Base */,
			);
			name = LaunchScreen.storyboard;
			sourceTree = "<group>";
		};
/* End PBXVariantGroup section */

/* Begin XCBuildConfiguration section */
		DCF2589929B720A400603658 /* Debug */ = {
			isa = XCBuildConfiguration;
			buildSettings = {
				ALWAYS_SEARCH_USER_PATHS = NO;
				CLANG_ANALYZER_NONNULL = YES;
				CLANG_ANALYZER_NUMBER_OBJECT_CONVERSION = YES_AGGRESSIVE;
				CLANG_CXX_LANGUAGE_STANDARD = "gnu++17";
				CLANG_ENABLE_MODULES = YES;
				CLANG_ENABLE_OBJC_ARC = YES;
				CLANG_ENABLE_OBJC_WEAK = YES;
				CLANG_WARN_BLOCK_CAPTURE_AUTORELEASING = YES;
				CLANG_WARN_BOOL_CONVERSION = YES;
				CLANG_WARN_COMMA = YES;
				CLANG_WARN_CONSTANT_CONVERSION = YES;
				CLANG_WARN_DEPRECATED_OBJC_IMPLEMENTATIONS = YES;
				CLANG_WARN_DIRECT_OBJC_ISA_USAGE = YES_ERROR;
				CLANG_WARN_DOCUMENTATION_COMMENTS = YES;
				CLANG_WARN_EMPTY_BODY = YES;
				CLANG_WARN_ENUM_CONVERSION = YES;
				CLANG_WARN_INFINITE_RECURSION = YES;
				CLANG_WARN_INT_CONVERSION = YES;
				CLANG_WARN_NON_LITERAL_NULL_CONVERSION = YES;
				CLANG_WARN_OBJC_IMPLICIT_RETAIN_SELF = YES;
				CLANG_WARN_OBJC_LITERAL_CONVERSION = YES;
				CLANG_WARN_OBJC_ROOT_CLASS = YES_ERROR;
				CLANG_WARN_QUOTED_INCLUDE_IN_FRAMEWORK_HEADER = YES;
				CLANG_WARN_RANGE_LOOP_ANALYSIS = YES;
				CLANG_WARN_STRICT_PROTOTYPES = YES;
				CLANG_WARN_SUSPICIOUS_MOVE = YES;
				CLANG_WARN_UNGUARDED_AVAILABILITY = YES_AGGRESSIVE;
				CLANG_WARN_UNREACHABLE_CODE = YES;
				CLANG_WARN__DUPLICATE_METHOD_MATCH = YES;
				COPY_PHASE_STRIP = NO;
				DEBUG_INFORMATION_FORMAT = dwarf;
				ENABLE_STRICT_OBJC_MSGSEND = YES;
				ENABLE_TESTABILITY = YES;
				GCC_C_LANGUAGE_STANDARD = gnu11;
				GCC_DYNAMIC_NO_PIC = NO;
				GCC_NO_COMMON_BLOCKS = YES;
				GCC_OPTIMIZATION_LEVEL = 0;
				GCC_PREPROCESSOR_DEFINITIONS = (
					"DEBUG=1",
					"$(inherited)",
				);
				GCC_WARN_64_TO_32_BIT_CONVERSION = YES;
				GCC_WARN_ABOUT_RETURN_TYPE = YES_ERROR;
				GCC_WARN_UNDECLARED_SELECTOR = YES;
				GCC_WARN_UNINITIALIZED_AUTOS = YES_AGGRESSIVE;
				GCC_WARN_UNUSED_FUNCTION = YES;
				GCC_WARN_UNUSED_VARIABLE = YES;
				IPHONEOS_DEPLOYMENT_TARGET = 15.4;
				MTL_ENABLE_DEBUG_INFO = INCLUDE_SOURCE;
				MTL_FAST_MATH = YES;
				ONLY_ACTIVE_ARCH = YES;
				SDKROOT = iphoneos;
				SWIFT_ACTIVE_COMPILATION_CONDITIONS = DEBUG;
				SWIFT_OPTIMIZATION_LEVEL = "-Onone";
			};
			name = Debug;
		};
		DCF2589A29B720A400603658 /* Release */ = {
			isa = XCBuildConfiguration;
			buildSettings = {
				ALWAYS_SEARCH_USER_PATHS = NO;
				CLANG_ANALYZER_NONNULL = YES;
				CLANG_ANALYZER_NUMBER_OBJECT_CONVERSION = YES_AGGRESSIVE;
				CLANG_CXX_LANGUAGE_STANDARD = "gnu++17";
				CLANG_ENABLE_MODULES = YES;
				CLANG_ENABLE_OBJC_ARC = YES;
				CLANG_ENABLE_OBJC_WEAK = YES;
				CLANG_WARN_BLOCK_CAPTURE_AUTORELEASING = YES;
				CLANG_WARN_BOOL_CONVERSION = YES;
				CLANG_WARN_COMMA = YES;
				CLANG_WARN_CONSTANT_CONVERSION = YES;
				CLANG_WARN_DEPRECATED_OBJC_IMPLEMENTATIONS = YES;
				CLANG_WARN_DIRECT_OBJC_ISA_USAGE = YES_ERROR;
				CLANG_WARN_DOCUMENTATION_COMMENTS = YES;
				CLANG_WARN_EMPTY_BODY = YES;
				CLANG_WARN_ENUM_CONVERSION = YES;
				CLANG_WARN_INFINITE_RECURSION = YES;
				CLANG_WARN_INT_CONVERSION = YES;
				CLANG_WARN_NON_LITERAL_NULL_CONVERSION = YES;
				CLANG_WARN_OBJC_IMPLICIT_RETAIN_SELF = YES;
				CLANG_WARN_OBJC_LITERAL_CONVERSION = YES;
				CLANG_WARN_OBJC_ROOT_CLASS = YES_ERROR;
				CLANG_WARN_QUOTED_INCLUDE_IN_FRAMEWORK_HEADER = YES;
				CLANG_WARN_RANGE_LOOP_ANALYSIS = YES;
				CLANG_WARN_STRICT_PROTOTYPES = YES;
				CLANG_WARN_SUSPICIOUS_MOVE = YES;
				CLANG_WARN_UNGUARDED_AVAILABILITY = YES_AGGRESSIVE;
				CLANG_WARN_UNREACHABLE_CODE = YES;
				CLANG_WARN__DUPLICATE_METHOD_MATCH = YES;
				COPY_PHASE_STRIP = NO;
				DEBUG_INFORMATION_FORMAT = "dwarf-with-dsym";
				ENABLE_NS_ASSERTIONS = NO;
				ENABLE_STRICT_OBJC_MSGSEND = YES;
				GCC_C_LANGUAGE_STANDARD = gnu11;
				GCC_NO_COMMON_BLOCKS = YES;
				GCC_WARN_64_TO_32_BIT_CONVERSION = YES;
				GCC_WARN_ABOUT_RETURN_TYPE = YES_ERROR;
				GCC_WARN_UNDECLARED_SELECTOR = YES;
				GCC_WARN_UNINITIALIZED_AUTOS = YES_AGGRESSIVE;
				GCC_WARN_UNUSED_FUNCTION = YES;
				GCC_WARN_UNUSED_VARIABLE = YES;
				IPHONEOS_DEPLOYMENT_TARGET = 15.4;
				MTL_ENABLE_DEBUG_INFO = NO;
				MTL_FAST_MATH = YES;
				SDKROOT = iphoneos;
				SWIFT_COMPILATION_MODE = wholemodule;
				SWIFT_OPTIMIZATION_LEVEL = "-O";
				VALIDATE_PRODUCT = YES;
			};
			name = Release;
		};
		DCF2589C29B720A400603658 /* Debug */ = {
			isa = XCBuildConfiguration;
			baseConfigurationReference = DFB45A2161540F97B022A430 /* Pods-FamousFilmsUsingMVVM.debug.xcconfig */;
			buildSettings = {
				ASSETCATALOG_COMPILER_APPICON_NAME = AppIcon;
				ASSETCATALOG_COMPILER_GLOBAL_ACCENT_COLOR_NAME = AccentColor;
				CODE_SIGN_STYLE = Automatic;
				CURRENT_PROJECT_VERSION = 1;
				DEVELOPMENT_TEAM = 4HS5A736SD;
				GENERATE_INFOPLIST_FILE = YES;
				INFOPLIST_FILE = FamousFilmsUsingMVVM/Info.plist;
				INFOPLIST_KEY_CFBundleDisplayName = "Famous Films";
				INFOPLIST_KEY_LSApplicationCategoryType = "public.app-category.entertainment";
				INFOPLIST_KEY_UIApplicationSupportsIndirectInputEvents = YES;
				INFOPLIST_KEY_UILaunchStoryboardName = LaunchScreen;
				INFOPLIST_KEY_UISupportedInterfaceOrientations = UIInterfaceOrientationPortrait;
				INFOPLIST_KEY_UISupportedInterfaceOrientations_iPad = "UIInterfaceOrientationPortrait UIInterfaceOrientationPortraitUpsideDown UIInterfaceOrientationLandscapeLeft UIInterfaceOrientationLandscapeRight";
				INFOPLIST_KEY_UISupportedInterfaceOrientations_iPhone = "UIInterfaceOrientationPortrait UIInterfaceOrientationLandscapeLeft UIInterfaceOrientationLandscapeRight";
				LD_RUNPATH_SEARCH_PATHS = (
					"$(inherited)",
					"@executable_path/Frameworks",
				);
				MARKETING_VERSION = 1.0;
				PRODUCT_BUNDLE_IDENTIFIER = com.alphaTuring.FamousFilmsUsingMVVM;
				PRODUCT_NAME = "$(TARGET_NAME)";
				SWIFT_EMIT_LOC_STRINGS = YES;
				SWIFT_VERSION = 5.0;
				TARGETED_DEVICE_FAMILY = "1,2";
			};
			name = Debug;
		};
		DCF2589D29B720A400603658 /* Release */ = {
			isa = XCBuildConfiguration;
			baseConfigurationReference = 3ECA69E86C345F3FC1529ED2 /* Pods-FamousFilmsUsingMVVM.release.xcconfig */;
			buildSettings = {
				ASSETCATALOG_COMPILER_APPICON_NAME = AppIcon;
				ASSETCATALOG_COMPILER_GLOBAL_ACCENT_COLOR_NAME = AccentColor;
				CODE_SIGN_STYLE = Automatic;
				CURRENT_PROJECT_VERSION = 1;
				DEVELOPMENT_TEAM = 4HS5A736SD;
				GENERATE_INFOPLIST_FILE = YES;
				INFOPLIST_FILE = FamousFilmsUsingMVVM/Info.plist;
				INFOPLIST_KEY_CFBundleDisplayName = "Famous Films";
				INFOPLIST_KEY_LSApplicationCategoryType = "public.app-category.entertainment";
				INFOPLIST_KEY_UIApplicationSupportsIndirectInputEvents = YES;
				INFOPLIST_KEY_UILaunchStoryboardName = LaunchScreen;
				INFOPLIST_KEY_UISupportedInterfaceOrientations = UIInterfaceOrientationPortrait;
				INFOPLIST_KEY_UISupportedInterfaceOrientations_iPad = "UIInterfaceOrientationPortrait UIInterfaceOrientationPortraitUpsideDown UIInterfaceOrientationLandscapeLeft UIInterfaceOrientationLandscapeRight";
				INFOPLIST_KEY_UISupportedInterfaceOrientations_iPhone = "UIInterfaceOrientationPortrait UIInterfaceOrientationLandscapeLeft UIInterfaceOrientationLandscapeRight";
				LD_RUNPATH_SEARCH_PATHS = (
					"$(inherited)",
					"@executable_path/Frameworks",
				);
				MARKETING_VERSION = 1.0;
				PRODUCT_BUNDLE_IDENTIFIER = com.alphaTuring.FamousFilmsUsingMVVM;
				PRODUCT_NAME = "$(TARGET_NAME)";
				SWIFT_EMIT_LOC_STRINGS = YES;
				SWIFT_VERSION = 5.0;
				TARGETED_DEVICE_FAMILY = "1,2";
			};
			name = Release;
		};
/* End XCBuildConfiguration section */

/* Begin XCConfigurationList section */
		DCF2588229B720A200603658 /* Build configuration list for PBXProject "FamousFilmsUsingMVVM" */ = {
			isa = XCConfigurationList;
			buildConfigurations = (
				DCF2589929B720A400603658 /* Debug */,
				DCF2589A29B720A400603658 /* Release */,
			);
			defaultConfigurationIsVisible = 0;
			defaultConfigurationName = Release;
		};
		DCF2589B29B720A400603658 /* Build configuration list for PBXNativeTarget "FamousFilmsUsingMVVM" */ = {
			isa = XCConfigurationList;
			buildConfigurations = (
				DCF2589C29B720A400603658 /* Debug */,
				DCF2589D29B720A400603658 /* Release */,
			);
			defaultConfigurationIsVisible = 0;
			defaultConfigurationName = Release;
		};
/* End XCConfigurationList section */

/* Begin XCRemoteSwiftPackageReference section */
		DCF258C529B7CF1700603658 /* XCRemoteSwiftPackageReference "SDWebImage" */ = {
			isa = XCRemoteSwiftPackageReference;
			repositoryURL = "https://github.com/SDWebImage/SDWebImage.git";
			requirement = {
				branch = master;
				kind = branch;
			};
		};
/* End XCRemoteSwiftPackageReference section */

/* Begin XCSwiftPackageProductDependency section */
		DCF258C629B7CF1700603658 /* SDWebImage */ = {
			isa = XCSwiftPackageProductDependency;
			package = DCF258C529B7CF1700603658 /* XCRemoteSwiftPackageReference "SDWebImage" */;
			productName = SDWebImage;
		};
/* End XCSwiftPackageProductDependency section */
	};
	rootObject = DCF2587F29B720A200603658 /* Project object */;
}
